// !$*UTF8*$!
{
	archiveVersion = 1;
	classes = {
	};
	objectVersion = 56;
	objects = {

/* Begin PBXBuildFile section */
		087B65772BD17CDD0046FBC3 /* Model.swift in Sources */ = {isa = PBXBuildFile; fileRef = 087B65762BD17CDD0046FBC3 /* Model.swift */; };
		087B657A2BD180180046FBC3 /* ColorExtension.swift in Sources */ = {isa = PBXBuildFile; fileRef = 087B65792BD180180046FBC3 /* ColorExtension.swift */; };
		08A5192F2BD16FCA00BA29D0 /* Assets.xcassets in Resources */ = {isa = PBXBuildFile; fileRef = 08A5192E2BD16FCA00BA29D0 /* Assets.xcassets */; };
		08A519322BD16FCA00BA29D0 /* Preview Assets.xcassets in Resources */ = {isa = PBXBuildFile; fileRef = 08A519312BD16FCA00BA29D0 /* Preview Assets.xcassets */; };
		08A5193C2BD174F600BA29D0 /* interaction.json in Resources */ = {isa = PBXBuildFile; fileRef = 08A519392BD174F600BA29D0 /* interaction.json */; };
		08A5193D2BD174F600BA29D0 /* delivery.json in Resources */ = {isa = PBXBuildFile; fileRef = 08A5193A2BD174F600BA29D0 /* delivery.json */; };
		08A5193E2BD174F600BA29D0 /* order.json in Resources */ = {isa = PBXBuildFile; fileRef = 08A5193B2BD174F600BA29D0 /* order.json */; };
		08A519442BD175B200BA29D0 /* CardView.swift in Sources */ = {isa = PBXBuildFile; fileRef = 08A519432BD175B200BA29D0 /* CardView.swift */; };
		08A519462BD175F400BA29D0 /* LottieView.swift in Sources */ = {isa = PBXBuildFile; fileRef = 08A519452BD175F400BA29D0 /* LottieView.swift */; };
		08A519482BD1764700BA29D0 /* ContentView.swift in Sources */ = {isa = PBXBuildFile; fileRef = 08A519472BD1764700BA29D0 /* ContentView.swift */; };
		08A5194A2BD1769500BA29D0 /* IntroScreenSwiftUI.swift in Sources */ = {isa = PBXBuildFile; fileRef = 08A519492BD1769500BA29D0 /* IntroScreenSwiftUI.swift */; };
		28436BBED7C35558724EBD16 /* Pods_IntroScreenSwiftUI.framework in Frameworks */ = {isa = PBXBuildFile; fileRef = 078CE9D7DF88E910159D5498 /* Pods_IntroScreenSwiftUI.framework */; };
/* End PBXBuildFile section */

/* Begin PBXFileReference section */
		024E0FA69D9A2A6401C45B6C /* Pods-IntroScreenSwiftUI.debug.xcconfig */ = {isa = PBXFileReference; includeInIndex = 1; lastKnownFileType = text.xcconfig; name = "Pods-IntroScreenSwiftUI.debug.xcconfig"; path = "Target Support Files/Pods-IntroScreenSwiftUI/Pods-IntroScreenSwiftUI.debug.xcconfig"; sourceTree = "<group>"; };
		078CE9D7DF88E910159D5498 /* Pods_IntroScreenSwiftUI.framework */ = {isa = PBXFileReference; explicitFileType = wrapper.framework; includeInIndex = 0; path = Pods_IntroScreenSwiftUI.framework; sourceTree = BUILT_PRODUCTS_DIR; };
		087B65762BD17CDD0046FBC3 /* Model.swift */ = {isa = PBXFileReference; lastKnownFileType = sourcecode.swift; path = Model.swift; sourceTree = "<group>"; };
		087B65792BD180180046FBC3 /* ColorExtension.swift */ = {isa = PBXFileReference; lastKnownFileType = sourcecode.swift; path = ColorExtension.swift; sourceTree = "<group>"; };
		08A519272BD16FC800BA29D0 /* IntroScreenSwiftUI.app */ = {isa = PBXFileReference; explicitFileType = wrapper.application; includeInIndex = 0; path = IntroScreenSwiftUI.app; sourceTree = BUILT_PRODUCTS_DIR; };
		08A5192E2BD16FCA00BA29D0 /* Assets.xcassets */ = {isa = PBXFileReference; lastKnownFileType = folder.assetcatalog; path = Assets.xcassets; sourceTree = "<group>"; };
		08A519312BD16FCA00BA29D0 /* Preview Assets.xcassets */ = {isa = PBXFileReference; lastKnownFileType = folder.assetcatalog; path = "Preview Assets.xcassets"; sourceTree = "<group>"; };
		08A519392BD174F600BA29D0 /* interaction.json */ = {isa = PBXFileReference; fileEncoding = 4; lastKnownFileType = text.json; path = interaction.json; sourceTree = "<group>"; };
		08A5193A2BD174F600BA29D0 /* delivery.json */ = {isa = PBXFileReference; fileEncoding = 4; lastKnownFileType = text.json; path = delivery.json; sourceTree = "<group>"; };
		08A5193B2BD174F600BA29D0 /* order.json */ = {isa = PBXFileReference; fileEncoding = 4; lastKnownFileType = text.json; path = order.json; sourceTree = "<group>"; };
		08A519432BD175B200BA29D0 /* CardView.swift */ = {isa = PBXFileReference; lastKnownFileType = sourcecode.swift; path = CardView.swift; sourceTree = "<group>"; };
		08A519452BD175F400BA29D0 /* LottieView.swift */ = {isa = PBXFileReference; lastKnownFileType = sourcecode.swift; path = LottieView.swift; sourceTree = "<group>"; };
		08A519472BD1764700BA29D0 /* ContentView.swift */ = {isa = PBXFileReference; lastKnownFileType = sourcecode.swift; path = ContentView.swift; sourceTree = "<group>"; };
		08A519492BD1769500BA29D0 /* IntroScreenSwiftUI.swift */ = {isa = PBXFileReference; fileEncoding = 4; lastKnownFileType = sourcecode.swift; path = IntroScreenSwiftUI.swift; sourceTree = "<group>"; };
		AC62D0EB2C4FD8DAEF9CB8D1 /* Pods-IntroScreenSwiftUI.release.xcconfig */ = {isa = PBXFileReference; includeInIndex = 1; lastKnownFileType = text.xcconfig; name = "Pods-IntroScreenSwiftUI.release.xcconfig"; path = "Target Support Files/Pods-IntroScreenSwiftUI/Pods-IntroScreenSwiftUI.release.xcconfig"; sourceTree = "<group>"; };
/* End PBXFileReference section */

/* Begin PBXFrameworksBuildPhase section */
		08A519242BD16FC800BA29D0 /* Frameworks */ = {
			isa = PBXFrameworksBuildPhase;
			buildActionMask = 2147483647;
			files = (
				28436BBED7C35558724EBD16 /* Pods_IntroScreenSwiftUI.framework in Frameworks */,
			);
			runOnlyForDeploymentPostprocessing = 0;
		};
/* End PBXFrameworksBuildPhase section */

/* Begin PBXGroup section */
		087B65782BD180010046FBC3 /* Color Extension */ = {
			isa = PBXGroup;
			children = (
				087B65792BD180180046FBC3 /* ColorExtension.swift */,
			);
			path = "Color Extension";
			sourceTree = "<group>";
		};
		08A5191E2BD16FC800BA29D0 = {
			isa = PBXGroup;
			children = (
				08A519292BD16FC800BA29D0 /* IntroScreenSwiftUI */,
				08A519282BD16FC800BA29D0 /* Products */,
				287E852A1A503F7351763342 /* Pods */,
				263C2E8A7F39D04521B4769E /* Frameworks */,
			);
			sourceTree = "<group>";
		};
		08A519282BD16FC800BA29D0 /* Products */ = {
			isa = PBXGroup;
			children = (
				08A519272BD16FC800BA29D0 /* IntroScreenSwiftUI.app */,
			);
			name = Products;
			sourceTree = "<group>";
		};
		08A519292BD16FC800BA29D0 /* IntroScreenSwiftUI */ = {
			isa = PBXGroup;
			children = (
				087B65782BD180010046FBC3 /* Color Extension */,
				08A519402BD1751D00BA29D0 /* View */,
				08A5193F2BD1751600BA29D0 /* Model */,
				08A519382BD1749600BA29D0 /* Lottie */,
				08A519492BD1769500BA29D0 /* IntroScreenSwiftUI.swift */,
				08A5192E2BD16FCA00BA29D0 /* Assets.xcassets */,
				08A519302BD16FCA00BA29D0 /* Preview Content */,
			);
			path = IntroScreenSwiftUI;
			sourceTree = "<group>";
		};
		08A519302BD16FCA00BA29D0 /* Preview Content */ = {
			isa = PBXGroup;
			children = (
				08A519312BD16FCA00BA29D0 /* Preview Assets.xcassets */,
			);
			path = "Preview Content";
			sourceTree = "<group>";
		};
		08A519382BD1749600BA29D0 /* Lottie */ = {
			isa = PBXGroup;
			children = (
				08A5193A2BD174F600BA29D0 /* delivery.json */,
				08A519392BD174F600BA29D0 /* interaction.json */,
				08A5193B2BD174F600BA29D0 /* order.json */,
			);
			path = Lottie;
			sourceTree = "<group>";
		};
		08A5193F2BD1751600BA29D0 /* Model */ = {
			isa = PBXGroup;
			children = (
				087B65762BD17CDD0046FBC3 /* Model.swift */,
			);
			path = Model;
			sourceTree = "<group>";
		};
		08A519402BD1751D00BA29D0 /* View */ = {
			isa = PBXGroup;
			children = (
				08A519432BD175B200BA29D0 /* CardView.swift */,
				08A519452BD175F400BA29D0 /* LottieView.swift */,
				08A519472BD1764700BA29D0 /* ContentView.swift */,
			);
			path = View;
			sourceTree = "<group>";
		};
		263C2E8A7F39D04521B4769E /* Frameworks */ = {
			isa = PBXGroup;
			children = (
				078CE9D7DF88E910159D5498 /* Pods_IntroScreenSwiftUI.framework */,
			);
			name = Frameworks;
			sourceTree = "<group>";
		};
		287E852A1A503F7351763342 /* Pods */ = {
			isa = PBXGroup;
			children = (
				024E0FA69D9A2A6401C45B6C /* Pods-IntroScreenSwiftUI.debug.xcconfig */,
				AC62D0EB2C4FD8DAEF9CB8D1 /* Pods-IntroScreenSwiftUI.release.xcconfig */,
			);
			path = Pods;
			sourceTree = "<group>";
		};
/* End PBXGroup section */

/* Begin PBXNativeTarget section */
		08A519262BD16FC800BA29D0 /* IntroScreenSwiftUI */ = {
			isa = PBXNativeTarget;
			buildConfigurationList = 08A519352BD16FCA00BA29D0 /* Build configuration list for PBXNativeTarget "IntroScreenSwiftUI" */;
			buildPhases = (
				68711F8FCAE85DE083A8FFDD /* [CP] Check Pods Manifest.lock */,
				08A519232BD16FC800BA29D0 /* Sources */,
				08A519242BD16FC800BA29D0 /* Frameworks */,
				08A519252BD16FC800BA29D0 /* Resources */,
				E07A8D80B58E6C0796A9216B /* [CP] Embed Pods Frameworks */,
			);
			buildRules = (
			);
			dependencies = (
			);
			name = IntroScreenSwiftUI;
			productName = IntroScreenSwiftUI;
			productReference = 08A519272BD16FC800BA29D0 /* IntroScreenSwiftUI.app */;
			productType = "com.apple.product-type.application";
		};
/* End PBXNativeTarget section */

/* Begin PBXProject section */
		08A5191F2BD16FC800BA29D0 /* Project object */ = {
			isa = PBXProject;
			attributes = {
				BuildIndependentTargetsInParallel = 1;
				LastSwiftUpdateCheck = 1530;
				LastUpgradeCheck = 1530;
				TargetAttributes = {
					08A519262BD16FC800BA29D0 = {
						CreatedOnToolsVersion = 15.3;
					};
				};
			};
			buildConfigurationList = 08A519222BD16FC800BA29D0 /* Build configuration list for PBXProject "IntroScreenSwiftUI" */;
			compatibilityVersion = "Xcode 14.0";
			developmentRegion = en;
			hasScannedForEncodings = 0;
			knownRegions = (
				en,
				Base,
			);
			mainGroup = 08A5191E2BD16FC800BA29D0;
			productRefGroup = 08A519282BD16FC800BA29D0 /* Products */;
			projectDirPath = "";
			projectRoot = "";
			targets = (
				08A519262BD16FC800BA29D0 /* IntroScreenSwiftUI */,
			);
		};
/* End PBXProject section */

/* Begin PBXResourcesBuildPhase section */
		08A519252BD16FC800BA29D0 /* Resources */ = {
			isa = PBXResourcesBuildPhase;
			buildActionMask = 2147483647;
			files = (
				08A519322BD16FCA00BA29D0 /* Preview Assets.xcassets in Resources */,
				08A5193D2BD174F600BA29D0 /* delivery.json in Resources */,
				08A5192F2BD16FCA00BA29D0 /* Assets.xcassets in Resources */,
				08A5193E2BD174F600BA29D0 /* order.json in Resources */,
				08A5193C2BD174F600BA29D0 /* interaction.json in Resources */,
			);
			runOnlyForDeploymentPostprocessing = 0;
		};
/* End PBXResourcesBuildPhase section */

/* Begin PBXShellScriptBuildPhase section */
		68711F8FCAE85DE083A8FFDD /* [CP] Check Pods Manifest.lock */ = {
			isa = PBXShellScriptBuildPhase;
			buildActionMask = 2147483647;
			files = (
			);
			inputFileListPaths = (
			);
			inputPaths = (
				"${PODS_PODFILE_DIR_PATH}/Podfile.lock",
				"${PODS_ROOT}/Manifest.lock",
			);
			name = "[CP] Check Pods Manifest.lock";
			outputFileListPaths = (
			);
			outputPaths = (
				"$(DERIVED_FILE_DIR)/Pods-IntroScreenSwiftUI-checkManifestLockResult.txt",
			);
			runOnlyForDeploymentPostprocessing = 0;
			shellPath = /bin/sh;
			shellScript = "diff \"${PODS_PODFILE_DIR_PATH}/Podfile.lock\" \"${PODS_ROOT}/Manifest.lock\" > /dev/null\nif [ $? != 0 ] ; then\n    # print error to STDERR\n    echo \"error: The sandbox is not in sync with the Podfile.lock. Run 'pod install' or update your CocoaPods installation.\" >&2\n    exit 1\nfi\n# This output is used by Xcode 'outputs' to avoid re-running this script phase.\necho \"SUCCESS\" > \"${SCRIPT_OUTPUT_FILE_0}\"\n";
			showEnvVarsInLog = 0;
		};
		E07A8D80B58E6C0796A9216B /* [CP] Embed Pods Frameworks */ = {
			isa = PBXShellScriptBuildPhase;
			buildActionMask = 2147483647;
			files = (
			);
			inputFileListPaths = (
				"${PODS_ROOT}/Target Support Files/Pods-IntroScreenSwiftUI/Pods-IntroScreenSwiftUI-frameworks-${CONFIGURATION}-input-files.xcfilelist",
			);
			name = "[CP] Embed Pods Frameworks";
			outputFileListPaths = (
				"${PODS_ROOT}/Target Support Files/Pods-IntroScreenSwiftUI/Pods-IntroScreenSwiftUI-frameworks-${CONFIGURATION}-output-files.xcfilelist",
			);
			runOnlyForDeploymentPostprocessing = 0;
			shellPath = /bin/sh;
			shellScript = "\"${PODS_ROOT}/Target Support Files/Pods-IntroScreenSwiftUI/Pods-IntroScreenSwiftUI-frameworks.sh\"\n";
			showEnvVarsInLog = 0;
		};
/* End PBXShellScriptBuildPhase section */

/* Begin PBXSourcesBuildPhase section */
		08A519232BD16FC800BA29D0 /* Sources */ = {
			isa = PBXSourcesBuildPhase;
			buildActionMask = 2147483647;
			files = (
				087B65772BD17CDD0046FBC3 /* Model.swift in Sources */,
				08A519482BD1764700BA29D0 /* ContentView.swift in Sources */,
				08A5194A2BD1769500BA29D0 /* IntroScreenSwiftUI.swift in Sources */,
				087B657A2BD180180046FBC3 /* ColorExtension.swift in Sources */,
				08A519462BD175F400BA29D0 /* LottieView.swift in Sources */,
				08A519442BD175B200BA29D0 /* CardView.swift in Sources */,
			);
			runOnlyForDeploymentPostprocessing = 0;
		};
/* End PBXSourcesBuildPhase section */

/* Begin XCBuildConfiguration section */
		08A519332BD16FCA00BA29D0 /* Debug */ = {
			isa = XCBuildConfiguration;
			buildSettings = {
				ALWAYS_SEARCH_USER_PATHS = NO;
				ASSETCATALOG_COMPILER_GENERATE_SWIFT_ASSET_SYMBOL_EXTENSIONS = YES;
				CLANG_ANALYZER_NONNULL = YES;
				CLANG_ANALYZER_NUMBER_OBJECT_CONVERSION = YES_AGGRESSIVE;
				CLANG_CXX_LANGUAGE_STANDARD = "gnu++20";
				CLANG_ENABLE_MODULES = YES;
				CLANG_ENABLE_OBJC_ARC = YES;
				CLANG_ENABLE_OBJC_WEAK = YES;
				CLANG_WARN_BLOCK_CAPTURE_AUTORELEASING = YES;
				CLANG_WARN_BOOL_CONVERSION = YES;
				CLANG_WARN_COMMA = YES;
				CLANG_WARN_CONSTANT_CONVERSION = YES;
				CLANG_WARN_DEPRECATED_OBJC_IMPLEMENTATIONS = YES;
				CLANG_WARN_DIRECT_OBJC_ISA_USAGE = YES_ERROR;
				CLANG_WARN_DOCUMENTATION_COMMENTS = YES;
				CLANG_WARN_EMPTY_BODY = YES;
				CLANG_WARN_ENUM_CONVERSION = YES;
				CLANG_WARN_INFINITE_RECURSION = YES;
				CLANG_WARN_INT_CONVERSION = YES;
				CLANG_WARN_NON_LITERAL_NULL_CONVERSION = YES;
				CLANG_WARN_OBJC_IMPLICIT_RETAIN_SELF = YES;
				CLANG_WARN_OBJC_LITERAL_CONVERSION = YES;
				CLANG_WARN_OBJC_ROOT_CLASS = YES_ERROR;
				CLANG_WARN_QUOTED_INCLUDE_IN_FRAMEWORK_HEADER = YES;
				CLANG_WARN_RANGE_LOOP_ANALYSIS = YES;
				CLANG_WARN_STRICT_PROTOTYPES = YES;
				CLANG_WARN_SUSPICIOUS_MOVE = YES;
				CLANG_WARN_UNGUARDED_AVAILABILITY = YES_AGGRESSIVE;
				CLANG_WARN_UNREACHABLE_CODE = YES;
				CLANG_WARN__DUPLICATE_METHOD_MATCH = YES;
				COPY_PHASE_STRIP = NO;
				DEBUG_INFORMATION_FORMAT = dwarf;
				ENABLE_STRICT_OBJC_MSGSEND = YES;
				ENABLE_TESTABILITY = YES;
				ENABLE_USER_SCRIPT_SANDBOXING = YES;
				GCC_C_LANGUAGE_STANDARD = gnu17;
				GCC_DYNAMIC_NO_PIC = NO;
				GCC_NO_COMMON_BLOCKS = YES;
				GCC_OPTIMIZATION_LEVEL = 0;
				GCC_PREPROCESSOR_DEFINITIONS = (
					"DEBUG=1",
					"$(inherited)",
				);
				GCC_WARN_64_TO_32_BIT_CONVERSION = YES;
				GCC_WARN_ABOUT_RETURN_TYPE = YES_ERROR;
				GCC_WARN_UNDECLARED_SELECTOR = YES;
				GCC_WARN_UNINITIALIZED_AUTOS = YES_AGGRESSIVE;
				GCC_WARN_UNUSED_FUNCTION = YES;
				GCC_WARN_UNUSED_VARIABLE = YES;
				IPHONEOS_DEPLOYMENT_TARGET = 17.4;
				LOCALIZATION_PREFERS_STRING_CATALOGS = YES;
				MTL_ENABLE_DEBUG_INFO = INCLUDE_SOURCE;
				MTL_FAST_MATH = YES;
				ONLY_ACTIVE_ARCH = YES;
				SDKROOT = iphoneos;
				SWIFT_ACTIVE_COMPILATION_CONDITIONS = "DEBUG $(inherited)";
				SWIFT_OPTIMIZATION_LEVEL = "-Onone";
			};
			name = Debug;
		};
		08A519342BD16FCA00BA29D0 /* Release */ = {
			isa = XCBuildConfiguration;
			buildSettings = {
				ALWAYS_SEARCH_USER_PATHS = NO;
				ASSETCATALOG_COMPILER_GENERATE_SWIFT_ASSET_SYMBOL_EXTENSIONS = YES;
				CLANG_ANALYZER_NONNULL = YES;
				CLANG_ANALYZER_NUMBER_OBJECT_CONVERSION = YES_AGGRESSIVE;
				CLANG_CXX_LANGUAGE_STANDARD = "gnu++20";
				CLANG_ENABLE_MODULES = YES;
				CLANG_ENABLE_OBJC_ARC = YES;
				CLANG_ENABLE_OBJC_WEAK = YES;
				CLANG_WARN_BLOCK_CAPTURE_AUTORELEASING = YES;
				CLANG_WARN_BOOL_CONVERSION = YES;
				CLANG_WARN_COMMA = YES;
				CLANG_WARN_CONSTANT_CONVERSION = YES;
				CLANG_WARN_DEPRECATED_OBJC_IMPLEMENTATIONS = YES;
				CLANG_WARN_DIRECT_OBJC_ISA_USAGE = YES_ERROR;
				CLANG_WARN_DOCUMENTATION_COMMENTS = YES;
				CLANG_WARN_EMPTY_BODY = YES;
				CLANG_WARN_ENUM_CONVERSION = YES;
				CLANG_WARN_INFINITE_RECURSION = YES;
				CLANG_WARN_INT_CONVERSION = YES;
				CLANG_WARN_NON_LITERAL_NULL_CONVERSION = YES;
				CLANG_WARN_OBJC_IMPLICIT_RETAIN_SELF = YES;
				CLANG_WARN_OBJC_LITERAL_CONVERSION = YES;
				CLANG_WARN_OBJC_ROOT_CLASS = YES_ERROR;
				CLANG_WARN_QUOTED_INCLUDE_IN_FRAMEWORK_HEADER = YES;
				CLANG_WARN_RANGE_LOOP_ANALYSIS = YES;
				CLANG_WARN_STRICT_PROTOTYPES = YES;
				CLANG_WARN_SUSPICIOUS_MOVE = YES;
				CLANG_WARN_UNGUARDED_AVAILABILITY = YES_AGGRESSIVE;
				CLANG_WARN_UNREACHABLE_CODE = YES;
				CLANG_WARN__DUPLICATE_METHOD_MATCH = YES;
				COPY_PHASE_STRIP = NO;
				DEBUG_INFORMATION_FORMAT = "dwarf-with-dsym";
				ENABLE_NS_ASSERTIONS = NO;
				ENABLE_STRICT_OBJC_MSGSEND = YES;
				ENABLE_USER_SCRIPT_SANDBOXING = YES;
				GCC_C_LANGUAGE_STANDARD = gnu17;
				GCC_NO_COMMON_BLOCKS = YES;
				GCC_WARN_64_TO_32_BIT_CONVERSION = YES;
				GCC_WARN_ABOUT_RETURN_TYPE = YES_ERROR;
				GCC_WARN_UNDECLARED_SELECTOR = YES;
				GCC_WARN_UNINITIALIZED_AUTOS = YES_AGGRESSIVE;
				GCC_WARN_UNUSED_FUNCTION = YES;
				GCC_WARN_UNUSED_VARIABLE = YES;
				IPHONEOS_DEPLOYMENT_TARGET = 17.4;
				LOCALIZATION_PREFERS_STRING_CATALOGS = YES;
				MTL_ENABLE_DEBUG_INFO = NO;
				MTL_FAST_MATH = YES;
				SDKROOT = iphoneos;
				SWIFT_COMPILATION_MODE = wholemodule;
				VALIDATE_PRODUCT = YES;
			};
			name = Release;
		};
		08A519362BD16FCA00BA29D0 /* Debug */ = {
			isa = XCBuildConfiguration;
			baseConfigurationReference = 024E0FA69D9A2A6401C45B6C /* Pods-IntroScreenSwiftUI.debug.xcconfig */;
			buildSettings = {
				ASSETCATALOG_COMPILER_APPICON_NAME = AppIcon;
				ASSETCATALOG_COMPILER_GLOBAL_ACCENT_COLOR_NAME = AccentColor;
				"CODE_SIGN_IDENTITY[sdk=iphoneos*]" = "iPhone Developer";
				CODE_SIGN_STYLE = Manual;
				CURRENT_PROJECT_VERSION = 1;
				DEVELOPMENT_ASSET_PATHS = "\"IntroScreenSwiftUI/Preview Content\"";
				DEVELOPMENT_TEAM = "";
				"DEVELOPMENT_TEAM[sdk=iphoneos*]" = 33DHXPFC67;
				ENABLE_PREVIEWS = YES;
				ENABLE_USER_SCRIPT_SANDBOXING = NO;
				GENERATE_INFOPLIST_FILE = YES;
				INFOPLIST_KEY_UIApplicationSceneManifest_Generation = YES;
				INFOPLIST_KEY_UIApplicationSupportsIndirectInputEvents = YES;
				INFOPLIST_KEY_UILaunchScreen_Generation = YES;
				INFOPLIST_KEY_UISupportedInterfaceOrientations = UIInterfaceOrientationPortrait;
				INFOPLIST_KEY_UISupportedInterfaceOrientations_iPad = "UIInterfaceOrientationLandscapeLeft UIInterfaceOrientationLandscapeRight UIInterfaceOrientationPortrait UIInterfaceOrientationPortraitUpsideDown";
				IPHONEOS_DEPLOYMENT_TARGET = 16.0;
				LD_RUNPATH_SEARCH_PATHS = (
					"$(inherited)",
					"@executable_path/Frameworks",
				);
				MARKETING_VERSION = 1.0;
				PRODUCT_BUNDLE_IDENTIFIER = com.mbs.sahibandhuDevelopment;
				PRODUCT_NAME = "$(TARGET_NAME)";
				PROVISIONING_PROFILE_SPECIFIER = "";
				"PROVISIONING_PROFILE_SPECIFIER[sdk=iphoneos*]" = DevelopmentSahiBandhuCustomer;
				SUPPORTED_PLATFORMS = "iphoneos iphonesimulator";
				SUPPORTS_MACCATALYST = NO;
				SUPPORTS_MAC_DESIGNED_FOR_IPHONE_IPAD = NO;
				SUPPORTS_XR_DESIGNED_FOR_IPHONE_IPAD = NO;
				SWIFT_EMIT_LOC_STRINGS = YES;
				SWIFT_VERSION = 5.0;
				TARGETED_DEVICE_FAMILY = 1;
			};
			name = Debug;
		};
		08A519372BD16FCA00BA29D0 /* Release */ = {
			isa = XCBuildConfiguration;
			baseConfigurationReference = AC62D0EB2C4FD8DAEF9CB8D1 /* Pods-IntroScreenSwiftUI.release.xcconfig */;
			buildSettings = {
				ASSETCATALOG_COMPILER_APPICON_NAME = AppIcon;
				ASSETCATALOG_COMPILER_GLOBAL_ACCENT_COLOR_NAME = AccentColor;
				"CODE_SIGN_IDENTITY[sdk=iphoneos*]" = "iPhone Developer";
				CODE_SIGN_STYLE = Manual;
				CURRENT_PROJECT_VERSION = 1;
				DEVELOPMENT_ASSET_PATHS = "\"IntroScreenSwiftUI/Preview Content\"";
				DEVELOPMENT_TEAM = "";
				"DEVELOPMENT_TEAM[sdk=iphoneos*]" = 33DHXPFC67;
				ENABLE_PREVIEWS = YES;
				ENABLE_USER_SCRIPT_SANDBOXING = NO;
				GENERATE_INFOPLIST_FILE = YES;
				INFOPLIST_KEY_UIApplicationSceneManifest_Generation = YES;
				INFOPLIST_KEY_UIApplicationSupportsIndirectInputEvents = YES;
				INFOPLIST_KEY_UILaunchScreen_Generation = YES;
				INFOPLIST_KEY_UISupportedInterfaceOrientations = UIInterfaceOrientationPortrait;
				INFOPLIST_KEY_UISupportedInterfaceOrientations_iPad = "UIInterfaceOrientationLandscapeLeft UIInterfaceOrientationLandscapeRight UIInterfaceOrientationPortrait UIInterfaceOrientationPortraitUpsideDown";
				IPHONEOS_DEPLOYMENT_TARGET = 16.0;
				LD_RUNPATH_SEARCH_PATHS = (
					"$(inherited)",
					"@executable_path/Frameworks",
				);
				MARKETING_VERSION = 1.0;
				PRODUCT_BUNDLE_IDENTIFIER = com.mbs.sahibandhuDevelopment;
				PRODUCT_NAME = "$(TARGET_NAME)";
				PROVISIONING_PROFILE_SPECIFIER = "";
				"PROVISIONING_PROFILE_SPECIFIER[sdk=iphoneos*]" = DevelopmentSahiBandhuCustomer;
				SUPPORTED_PLATFORMS = "iphoneos iphonesimulator";
				SUPPORTS_MACCATALYST = NO;
				SUPPORTS_MAC_DESIGNED_FOR_IPHONE_IPAD = NO;
				SUPPORTS_XR_DESIGNED_FOR_IPHONE_IPAD = NO;
				SWIFT_EMIT_LOC_STRINGS = YES;
				SWIFT_VERSION = 5.0;
				TARGETED_DEVICE_FAMILY = 1;
			};
			name = Release;
		};
/* End XCBuildConfiguration section */

/* Begin XCConfigurationList section */
		08A519222BD16FC800BA29D0 /* Build configuration list for PBXProject "IntroScreenSwiftUI" */ = {
			isa = XCConfigurationList;
			buildConfigurations = (
				08A519332BD16FCA00BA29D0 /* Debug */,
				08A519342BD16FCA00BA29D0 /* Release */,
			);
			defaultConfigurationIsVisible = 0;
			defaultConfigurationName = Release;
		};
		08A519352BD16FCA00BA29D0 /* Build configuration list for PBXNativeTarget "IntroScreenSwiftUI" */ = {
			isa = XCConfigurationList;
			buildConfigurations = (
				08A519362BD16FCA00BA29D0 /* Debug */,
				08A519372BD16FCA00BA29D0 /* Release */,
			);
			defaultConfigurationIsVisible = 0;
			defaultConfigurationName = Release;
		};
/* End XCConfigurationList section */
	};
	rootObject = 08A5191F2BD16FC800BA29D0 /* Project object */;
}
